
Microsoft Visual Studio Solution File, Format Version 12.00
# Visual Studio 15
Project("{FAE04EC0-301F-11D3-BF4B-00C04F79EFBC}") = "Assembly-CSharp", "Assembly-CSharp.csproj", "{D64FE983-C29A-03E0-B538-C8971925B2E7}"
EndProject
Project("{FAE04EC0-301F-11D3-BF4B-00C04F79EFBC}") = "Assembly-CSharp-firstpass", "Assembly-CSharp-firstpass.csproj", "{2AAA7366-CA71-4A0A-3BCE-512F5C2B6D4F}"
EndProject
Project("{FAE04EC0-301F-11D3-BF4B-00C04F79EFBC}") = "Assembly-CSharp-Editor-firstpass", "Assembly-CSharp-Editor-firstpass.csproj", "{FCFDC617-5389-1807-7428-7F9688A4A5FD}"
EndProject
Global
	GlobalSection(SolutionConfigurationPlatforms) = preSolution
		Debug|Any CPU = Debug|Any CPU
		Release|Any CPU = Release|Any CPU
	EndGlobalSection
	GlobalSection(ProjectConfigurationPlatforms) = postSolution
		{D64FE983-C29A-03E0-B538-C8971925B2E7}.Debug|Any CPU.ActiveCfg = Debug|Any CPU
		{D64FE983-C29A-03E0-B538-C8971925B2E7}.Debug|Any CPU.Build.0 = Debug|Any CPU
		{D64FE983-C29A-03E0-B538-C8971925B2E7}.Release|Any CPU.ActiveCfg = Release|Any CPU
		{D64FE983-C29A-03E0-B538-C8971925B2E7}.Release|Any CPU.Build.0 = Release|Any CPU
		{2AAA7366-CA71-4A0A-3BCE-512F5C2B6D4F}.Debug|Any CPU.ActiveCfg = Debug|Any CPU
		{2AAA7366-CA71-4A0A-3BCE-512F5C2B6D4F}.Debug|Any CPU.Build.0 = Debug|Any CPU
		{2AAA7366-CA71-4A0A-3BCE-512F5C2B6D4F}.Release|Any CPU.ActiveCfg = Release|Any CPU
		{2AAA7366-CA71-4A0A-3BCE-512F5C2B6D4F}.Release|Any CPU.Build.0 = Release|Any CPU
		{FCFDC617-5389-1807-7428-7F9688A4A5FD}.Debug|Any CPU.ActiveCfg = Debug|Any CPU
		{FCFDC617-5389-1807-7428-7F9688A4A5FD}.Debug|Any CPU.Build.0 = Debug|Any CPU
		{FCFDC617-5389-1807-7428-7F9688A4A5FD}.Release|Any CPU.ActiveCfg = Release|Any CPU
		{FCFDC617-5389-1807-7428-7F9688A4A5FD}.Release|Any CPU.Build.0 = Release|Any CPU
	EndGlobalSection
	GlobalSection(SolutionProperties) = preSolution
		HideSolutionNode = FALSE
	EndGlobalSection
EndGlobal
